// !$*UTF8*$!
{
	archiveVersion = 1;
	classes = {
	};
	objectVersion = 55;
	objects = {

/* Begin PBXBuildFile section */
		71A553882841521B00F1AD0E /* swiftUIFirstStepsApp.swift in Sources */ = {isa = PBXBuildFile; fileRef = 71A553872841521B00F1AD0E /* swiftUIFirstStepsApp.swift */; };
		71A5538A2841521B00F1AD0E /* ContentView.swift in Sources */ = {isa = PBXBuildFile; fileRef = 71A553892841521B00F1AD0E /* ContentView.swift */; };
		71A5538C2841521D00F1AD0E /* Assets.xcassets in Resources */ = {isa = PBXBuildFile; fileRef = 71A5538B2841521D00F1AD0E /* Assets.xcassets */; };
		71A5538F2841521D00F1AD0E /* Preview Assets.xcassets in Resources */ = {isa = PBXBuildFile; fileRef = 71A5538E2841521D00F1AD0E /* Preview Assets.xcassets */; };
		71A553992841521D00F1AD0E /* swiftUIFirstStepsTests.swift in Sources */ = {isa = PBXBuildFile; fileRef = 71A553982841521D00F1AD0E /* swiftUIFirstStepsTests.swift */; };
		71A553A32841521D00F1AD0E /* swiftUIFirstStepsUITests.swift in Sources */ = {isa = PBXBuildFile; fileRef = 71A553A22841521D00F1AD0E /* swiftUIFirstStepsUITests.swift */; };
		71A553A52841521D00F1AD0E /* swiftUIFirstStepsUITestsLaunchTests.swift in Sources */ = {isa = PBXBuildFile; fileRef = 71A553A42841521D00F1AD0E /* swiftUIFirstStepsUITestsLaunchTests.swift */; };
		71A553B32841526000F1AD0E /* CircleImage.swift in Sources */ = {isa = PBXBuildFile; fileRef = 71A553B22841526000F1AD0E /* CircleImage.swift */; };
/* End PBXBuildFile section */

/* Begin PBXContainerItemProxy section */
		71A553952841521D00F1AD0E /* PBXContainerItemProxy */ = {
			isa = PBXContainerItemProxy;
			containerPortal = 71A5537C2841521B00F1AD0E /* Project object */;
			proxyType = 1;
			remoteGlobalIDString = 71A553832841521B00F1AD0E;
			remoteInfo = swiftUIFirstSteps;
		};
		71A5539F2841521D00F1AD0E /* PBXContainerItemProxy */ = {
			isa = PBXContainerItemProxy;
			containerPortal = 71A5537C2841521B00F1AD0E /* Project object */;
			proxyType = 1;
			remoteGlobalIDString = 71A553832841521B00F1AD0E;
			remoteInfo = swiftUIFirstSteps;
		};
/* End PBXContainerItemProxy section */

/* Begin PBXFileReference section */
		71A553842841521B00F1AD0E /* swiftUIFirstSteps.app */ = {isa = PBXFileReference; explicitFileType = wrapper.application; includeInIndex = 0; path = swiftUIFirstSteps.app; sourceTree = BUILT_PRODUCTS_DIR; };
		71A553872841521B00F1AD0E /* swiftUIFirstStepsApp.swift */ = {isa = PBXFileReference; lastKnownFileType = sourcecode.swift; path = swiftUIFirstStepsApp.swift; sourceTree = "<group>"; };
		71A553892841521B00F1AD0E /* ContentView.swift */ = {isa = PBXFileReference; lastKnownFileType = sourcecode.swift; path = ContentView.swift; sourceTree = "<group>"; };
		71A5538B2841521D00F1AD0E /* Assets.xcassets */ = {isa = PBXFileReference; lastKnownFileType = folder.assetcatalog; path = Assets.xcassets; sourceTree = "<group>"; };
		71A5538E2841521D00F1AD0E /* Preview Assets.xcassets */ = {isa = PBXFileReference; lastKnownFileType = folder.assetcatalog; path = "Preview Assets.xcassets"; sourceTree = "<group>"; };
		71A553942841521D00F1AD0E /* swiftUIFirstStepsTests.xctest */ = {isa = PBXFileReference; explicitFileType = wrapper.cfbundle; includeInIndex = 0; path = swiftUIFirstStepsTests.xctest; sourceTree = BUILT_PRODUCTS_DIR; };
		71A553982841521D00F1AD0E /* swiftUIFirstStepsTests.swift */ = {isa = PBXFileReference; lastKnownFileType = sourcecode.swift; path = swiftUIFirstStepsTests.swift; sourceTree = "<group>"; };
		71A5539E2841521D00F1AD0E /* swiftUIFirstStepsUITests.xctest */ = {isa = PBXFileReference; explicitFileType = wrapper.cfbundle; includeInIndex = 0; path = swiftUIFirstStepsUITests.xctest; sourceTree = BUILT_PRODUCTS_DIR; };
		71A553A22841521D00F1AD0E /* swiftUIFirstStepsUITests.swift */ = {isa = PBXFileReference; lastKnownFileType = sourcecode.swift; path = swiftUIFirstStepsUITests.swift; sourceTree = "<group>"; };
		71A553A42841521D00F1AD0E /* swiftUIFirstStepsUITestsLaunchTests.swift */ = {isa = PBXFileReference; lastKnownFileType = sourcecode.swift; path = swiftUIFirstStepsUITestsLaunchTests.swift; sourceTree = "<group>"; };
		71A553B22841526000F1AD0E /* CircleImage.swift */ = {isa = PBXFileReference; fileEncoding = 4; lastKnownFileType = sourcecode.swift; path = CircleImage.swift; sourceTree = "<group>"; };
/* End PBXFileReference section */

/* Begin PBXFrameworksBuildPhase section */
		71A553812841521B00F1AD0E /* Frameworks */ = {
			isa = PBXFrameworksBuildPhase;
			buildActionMask = 2147483647;
			files = (
			);
			runOnlyForDeploymentPostprocessing = 0;
		};
		71A553912841521D00F1AD0E /* Frameworks */ = {
			isa = PBXFrameworksBuildPhase;
			buildActionMask = 2147483647;
			files = (
			);
			runOnlyForDeploymentPostprocessing = 0;
		};
		71A5539B2841521D00F1AD0E /* Frameworks */ = {
			isa = PBXFrameworksBuildPhase;
			buildActionMask = 2147483647;
			files = (
			);
			runOnlyForDeploymentPostprocessing = 0;
		};
/* End PBXFrameworksBuildPhase section */

/* Begin PBXGroup section */
		71A5537B2841521B00F1AD0E = {
			isa = PBXGroup;
			children = (
				71A553862841521B00F1AD0E /* swiftUIFirstSteps */,
				71A553972841521D00F1AD0E /* swiftUIFirstStepsTests */,
				71A553A12841521D00F1AD0E /* swiftUIFirstStepsUITests */,
				71A553852841521B00F1AD0E /* Products */,
			);
			sourceTree = "<group>";
		};
		71A553852841521B00F1AD0E /* Products */ = {
			isa = PBXGroup;
			children = (
				71A553842841521B00F1AD0E /* swiftUIFirstSteps.app */,
				71A553942841521D00F1AD0E /* swiftUIFirstStepsTests.xctest */,
				71A5539E2841521D00F1AD0E /* swiftUIFirstStepsUITests.xctest */,
			);
			name = Products;
			sourceTree = "<group>";
		};
		71A553862841521B00F1AD0E /* swiftUIFirstSteps */ = {
			isa = PBXGroup;
			children = (
				71A553B12841526000F1AD0E /* Views */,
				71A553872841521B00F1AD0E /* swiftUIFirstStepsApp.swift */,
				71A553892841521B00F1AD0E /* ContentView.swift */,
				71A5538B2841521D00F1AD0E /* Assets.xcassets */,
				71A5538D2841521D00F1AD0E /* Preview Content */,
			);
			path = swiftUIFirstSteps;
			sourceTree = "<group>";
		};
		71A5538D2841521D00F1AD0E /* Preview Content */ = {
			isa = PBXGroup;
			children = (
				71A5538E2841521D00F1AD0E /* Preview Assets.xcassets */,
			);
			path = "Preview Content";
			sourceTree = "<group>";
		};
		71A553972841521D00F1AD0E /* swiftUIFirstStepsTests */ = {
			isa = PBXGroup;
			children = (
				71A553982841521D00F1AD0E /* swiftUIFirstStepsTests.swift */,
			);
			path = swiftUIFirstStepsTests;
			sourceTree = "<group>";
		};
		71A553A12841521D00F1AD0E /* swiftUIFirstStepsUITests */ = {
			isa = PBXGroup;
			children = (
				71A553A22841521D00F1AD0E /* swiftUIFirstStepsUITests.swift */,
				71A553A42841521D00F1AD0E /* swiftUIFirstStepsUITestsLaunchTests.swift */,
			);
			path = swiftUIFirstStepsUITests;
			sourceTree = "<group>";
		};
		71A553B12841526000F1AD0E /* Views */ = {
			isa = PBXGroup;
			children = (
				71A553B22841526000F1AD0E /* CircleImage.swift */,
			);
			path = Views;
			sourceTree = "<group>";
		};
/* End PBXGroup section */

/* Begin PBXNativeTarget section */
		71A553832841521B00F1AD0E /* swiftUIFirstSteps */ = {
			isa = PBXNativeTarget;
			buildConfigurationList = 71A553A82841521D00F1AD0E /* Build configuration list for PBXNativeTarget "swiftUIFirstSteps" */;
			buildPhases = (
				71A553802841521B00F1AD0E /* Sources */,
				71A553812841521B00F1AD0E /* Frameworks */,
				71A553822841521B00F1AD0E /* Resources */,
			);
			buildRules = (
			);
			dependencies = (
			);
			name = swiftUIFirstSteps;
			productName = swiftUIFirstSteps;
			productReference = 71A553842841521B00F1AD0E /* swiftUIFirstSteps.app */;
			productType = "com.apple.product-type.application";
		};
		71A553932841521D00F1AD0E /* swiftUIFirstStepsTests */ = {
			isa = PBXNativeTarget;
			buildConfigurationList = 71A553AB2841521D00F1AD0E /* Build configuration list for PBXNativeTarget "swiftUIFirstStepsTests" */;
			buildPhases = (
				71A553902841521D00F1AD0E /* Sources */,
				71A553912841521D00F1AD0E /* Frameworks */,
				71A553922841521D00F1AD0E /* Resources */,
			);
			buildRules = (
			);
			dependencies = (
				71A553962841521D00F1AD0E /* PBXTargetDependency */,
			);
			name = swiftUIFirstStepsTests;
			productName = swiftUIFirstStepsTests;
			productReference = 71A553942841521D00F1AD0E /* swiftUIFirstStepsTests.xctest */;
			productType = "com.apple.product-type.bundle.unit-test";
		};
		71A5539D2841521D00F1AD0E /* swiftUIFirstStepsUITests */ = {
			isa = PBXNativeTarget;
			buildConfigurationList = 71A553AE2841521D00F1AD0E /* Build configuration list for PBXNativeTarget "swiftUIFirstStepsUITests" */;
			buildPhases = (
				71A5539A2841521D00F1AD0E /* Sources */,
				71A5539B2841521D00F1AD0E /* Frameworks */,
				71A5539C2841521D00F1AD0E /* Resources */,
			);
			buildRules = (
			);
			dependencies = (
				71A553A02841521D00F1AD0E /* PBXTargetDependency */,
			);
			name = swiftUIFirstStepsUITests;
			productName = swiftUIFirstStepsUITests;
			productReference = 71A5539E2841521D00F1AD0E /* swiftUIFirstStepsUITests.xctest */;
			productType = "com.apple.product-type.bundle.ui-testing";
		};
/* End PBXNativeTarget section */

/* Begin PBXProject section */
		71A5537C2841521B00F1AD0E /* Project object */ = {
			isa = PBXProject;
			attributes = {
				BuildIndependentTargetsInParallel = 1;
				LastSwiftUpdateCheck = 1320;
				LastUpgradeCheck = 1320;
				TargetAttributes = {
					71A553832841521B00F1AD0E = {
						CreatedOnToolsVersion = 13.2.1;
					};
					71A553932841521D00F1AD0E = {
						CreatedOnToolsVersion = 13.2.1;
						TestTargetID = 71A553832841521B00F1AD0E;
					};
					71A5539D2841521D00F1AD0E = {
						CreatedOnToolsVersion = 13.2.1;
						TestTargetID = 71A553832841521B00F1AD0E;
					};
				};
			};
			buildConfigurationList = 71A5537F2841521B00F1AD0E /* Build configuration list for PBXProject "swiftUIFirstSteps" */;
			compatibilityVersion = "Xcode 13.0";
			developmentRegion = en;
			hasScannedForEncodings = 0;
			knownRegions = (
				en,
				Base,
			);
			mainGroup = 71A5537B2841521B00F1AD0E;
			productRefGroup = 71A553852841521B00F1AD0E /* Products */;
			projectDirPath = "";
			projectRoot = "";
			targets = (
				71A553832841521B00F1AD0E /* swiftUIFirstSteps */,
				71A553932841521D00F1AD0E /* swiftUIFirstStepsTests */,
				71A5539D2841521D00F1AD0E /* swiftUIFirstStepsUITests */,
			);
		};
/* End PBXProject section */

/* Begin PBXResourcesBuildPhase section */
		71A553822841521B00F1AD0E /* Resources */ = {
			isa = PBXResourcesBuildPhase;
			buildActionMask = 2147483647;
			files = (
				71A5538F2841521D00F1AD0E /* Preview Assets.xcassets in Resources */,
				71A5538C2841521D00F1AD0E /* Assets.xcassets in Resources */,
			);
			runOnlyForDeploymentPostprocessing = 0;
		};
		71A553922841521D00F1AD0E /* Resources */ = {
			isa = PBXResourcesBuildPhase;
			buildActionMask = 2147483647;
			files = (
			);
			runOnlyForDeploymentPostprocessing = 0;
		};
		71A5539C2841521D00F1AD0E /* Resources */ = {
			isa = PBXResourcesBuildPhase;
			buildActionMask = 2147483647;
			files = (
			);
			runOnlyForDeploymentPostprocessing = 0;
		};
/* End PBXResourcesBuildPhase section */

/* Begin PBXSourcesBuildPhase section */
		71A553802841521B00F1AD0E /* Sources */ = {
			isa = PBXSourcesBuildPhase;
			buildActionMask = 2147483647;
			files = (
				71A5538A2841521B00F1AD0E /* ContentView.swift in Sources */,
				71A553882841521B00F1AD0E /* swiftUIFirstStepsApp.swift in Sources */,
				71A553B32841526000F1AD0E /* CircleImage.swift in Sources */,
			);
			runOnlyForDeploymentPostprocessing = 0;
		};
		71A553902841521D00F1AD0E /* Sources */ = {
			isa = PBXSourcesBuildPhase;
			buildActionMask = 2147483647;
			files = (
				71A553992841521D00F1AD0E /* swiftUIFirstStepsTests.swift in Sources */,
			);
			runOnlyForDeploymentPostprocessing = 0;
		};
		71A5539A2841521D00F1AD0E /* Sources */ = {
			isa = PBXSourcesBuildPhase;
			buildActionMask = 2147483647;
			files = (
				71A553A32841521D00F1AD0E /* swiftUIFirstStepsUITests.swift in Sources */,
				71A553A52841521D00F1AD0E /* swiftUIFirstStepsUITestsLaunchTests.swift in Sources */,
			);
			runOnlyForDeploymentPostprocessing = 0;
		};
/* End PBXSourcesBuildPhase section */

/* Begin PBXTargetDependency section */
		71A553962841521D00F1AD0E /* PBXTargetDependency */ = {
			isa = PBXTargetDependency;
			target = 71A553832841521B00F1AD0E /* swiftUIFirstSteps */;
			targetProxy = 71A553952841521D00F1AD0E /* PBXContainerItemProxy */;
		};
		71A553A02841521D00F1AD0E /* PBXTargetDependency */ = {
			isa = PBXTargetDependency;
			target = 71A553832841521B00F1AD0E /* swiftUIFirstSteps */;
			targetProxy = 71A5539F2841521D00F1AD0E /* PBXContainerItemProxy */;
		};
/* End PBXTargetDependency section */

/* Begin XCBuildConfiguration section */
		71A553A62841521D00F1AD0E /* Debug */ = {
			isa = XCBuildConfiguration;
			buildSettings = {
				ALWAYS_SEARCH_USER_PATHS = NO;
				CLANG_ANALYZER_NONNULL = YES;
				CLANG_ANALYZER_NUMBER_OBJECT_CONVERSION = YES_AGGRESSIVE;
				CLANG_CXX_LANGUAGE_STANDARD = "gnu++17";
				CLANG_CXX_LIBRARY = "libc++";
				CLANG_ENABLE_MODULES = YES;
				CLANG_ENABLE_OBJC_ARC = YES;
				CLANG_ENABLE_OBJC_WEAK = YES;
				CLANG_WARN_BLOCK_CAPTURE_AUTORELEASING = YES;
				CLANG_WARN_BOOL_CONVERSION = YES;
				CLANG_WARN_COMMA = YES;
				CLANG_WARN_CONSTANT_CONVERSION = YES;
				CLANG_WARN_DEPRECATED_OBJC_IMPLEMENTATIONS = YES;
				CLANG_WARN_DIRECT_OBJC_ISA_USAGE = YES_ERROR;
				CLANG_WARN_DOCUMENTATION_COMMENTS = YES;
				CLANG_WARN_EMPTY_BODY = YES;
				CLANG_WARN_ENUM_CONVERSION = YES;
				CLANG_WARN_INFINITE_RECURSION = YES;
				CLANG_WARN_INT_CONVERSION = YES;
				CLANG_WARN_NON_LITERAL_NULL_CONVERSION = YES;
				CLANG_WARN_OBJC_IMPLICIT_RETAIN_SELF = YES;
				CLANG_WARN_OBJC_LITERAL_CONVERSION = YES;
				CLANG_WARN_OBJC_ROOT_CLASS = YES_ERROR;
				CLANG_WARN_QUOTED_INCLUDE_IN_FRAMEWORK_HEADER = YES;
				CLANG_WARN_RANGE_LOOP_ANALYSIS = YES;
				CLANG_WARN_STRICT_PROTOTYPES = YES;
				CLANG_WARN_SUSPICIOUS_MOVE = YES;
				CLANG_WARN_UNGUARDED_AVAILABILITY = YES_AGGRESSIVE;
				CLANG_WARN_UNREACHABLE_CODE = YES;
				CLANG_WARN__DUPLICATE_METHOD_MATCH = YES;
				COPY_PHASE_STRIP = NO;
				DEBUG_INFORMATION_FORMAT = dwarf;
				ENABLE_STRICT_OBJC_MSGSEND = YES;
				ENABLE_TESTABILITY = YES;
				GCC_C_LANGUAGE_STANDARD = gnu11;
				GCC_DYNAMIC_NO_PIC = NO;
				GCC_NO_COMMON_BLOCKS = YES;
				GCC_OPTIMIZATION_LEVEL = 0;
				GCC_PREPROCESSOR_DEFINITIONS = (
					"DEBUG=1",
					"$(inherited)",
				);
				GCC_WARN_64_TO_32_BIT_CONVERSION = YES;
				GCC_WARN_ABOUT_RETURN_TYPE = YES_ERROR;
				GCC_WARN_UNDECLARED_SELECTOR = YES;
				GCC_WARN_UNINITIALIZED_AUTOS = YES_AGGRESSIVE;
				GCC_WARN_UNUSED_FUNCTION = YES;
				GCC_WARN_UNUSED_VARIABLE = YES;
				IPHONEOS_DEPLOYMENT_TARGET = 15.2;
				MTL_ENABLE_DEBUG_INFO = INCLUDE_SOURCE;
				MTL_FAST_MATH = YES;
				ONLY_ACTIVE_ARCH = YES;
				SDKROOT = iphoneos;
				SWIFT_ACTIVE_COMPILATION_CONDITIONS = DEBUG;
				SWIFT_OPTIMIZATION_LEVEL = "-Onone";
			};
			name = Debug;
		};
		71A553A72841521D00F1AD0E /* Release */ = {
			isa = XCBuildConfiguration;
			buildSettings = {
				ALWAYS_SEARCH_USER_PATHS = NO;
				CLANG_ANALYZER_NONNULL = YES;
				CLANG_ANALYZER_NUMBER_OBJECT_CONVERSION = YES_AGGRESSIVE;
				CLANG_CXX_LANGUAGE_STANDARD = "gnu++17";
				CLANG_CXX_LIBRARY = "libc++";
				CLANG_ENABLE_MODULES = YES;
				CLANG_ENABLE_OBJC_ARC = YES;
				CLANG_ENABLE_OBJC_WEAK = YES;
				CLANG_WARN_BLOCK_CAPTURE_AUTORELEASING = YES;
				CLANG_WARN_BOOL_CONVERSION = YES;
				CLANG_WARN_COMMA = YES;
				CLANG_WARN_CONSTANT_CONVERSION = YES;
				CLANG_WARN_DEPRECATED_OBJC_IMPLEMENTATIONS = YES;
				CLANG_WARN_DIRECT_OBJC_ISA_USAGE = YES_ERROR;
				CLANG_WARN_DOCUMENTATION_COMMENTS = YES;
				CLANG_WARN_EMPTY_BODY = YES;
				CLANG_WARN_ENUM_CONVERSION = YES;
				CLANG_WARN_INFINITE_RECURSION = YES;
				CLANG_WARN_INT_CONVERSION = YES;
				CLANG_WARN_NON_LITERAL_NULL_CONVERSION = YES;
				CLANG_WARN_OBJC_IMPLICIT_RETAIN_SELF = YES;
				CLANG_WARN_OBJC_LITERAL_CONVERSION = YES;
				CLANG_WARN_OBJC_ROOT_CLASS = YES_ERROR;
				CLANG_WARN_QUOTED_INCLUDE_IN_FRAMEWORK_HEADER = YES;
				CLANG_WARN_RANGE_LOOP_ANALYSIS = YES;
				CLANG_WARN_STRICT_PROTOTYPES = YES;
				CLANG_WARN_SUSPICIOUS_MOVE = YES;
				CLANG_WARN_UNGUARDED_AVAILABILITY = YES_AGGRESSIVE;
				CLANG_WARN_UNREACHABLE_CODE = YES;
				CLANG_WARN__DUPLICATE_METHOD_MATCH = YES;
				COPY_PHASE_STRIP = NO;
				DEBUG_INFORMATION_FORMAT = "dwarf-with-dsym";
				ENABLE_NS_ASSERTIONS = NO;
				ENABLE_STRICT_OBJC_MSGSEND = YES;
				GCC_C_LANGUAGE_STANDARD = gnu11;
				GCC_NO_COMMON_BLOCKS = YES;
				GCC_WARN_64_TO_32_BIT_CONVERSION = YES;
				GCC_WARN_ABOUT_RETURN_TYPE = YES_ERROR;
				GCC_WARN_UNDECLARED_SELECTOR = YES;
				GCC_WARN_UNINITIALIZED_AUTOS = YES_AGGRESSIVE;
				GCC_WARN_UNUSED_FUNCTION = YES;
				GCC_WARN_UNUSED_VARIABLE = YES;
				IPHONEOS_DEPLOYMENT_TARGET = 15.2;
				MTL_ENABLE_DEBUG_INFO = NO;
				MTL_FAST_MATH = YES;
				SDKROOT = iphoneos;
				SWIFT_COMPILATION_MODE = wholemodule;
				SWIFT_OPTIMIZATION_LEVEL = "-O";
				VALIDATE_PRODUCT = YES;
			};
			name = Release;
		};
		71A553A92841521D00F1AD0E /* Debug */ = {
			isa = XCBuildConfiguration;
			buildSettings = {
				ASSETCATALOG_COMPILER_APPICON_NAME = AppIcon;
				ASSETCATALOG_COMPILER_GLOBAL_ACCENT_COLOR_NAME = AccentColor;
				CODE_SIGN_STYLE = Automatic;
				CURRENT_PROJECT_VERSION = 1;
				DEVELOPMENT_ASSET_PATHS = "\"swiftUIFirstSteps/Preview Content\"";
				DEVELOPMENT_TEAM = Y9P3B55VG7;
				ENABLE_PREVIEWS = YES;
				GENERATE_INFOPLIST_FILE = YES;
				INFOPLIST_KEY_UIApplicationSceneManifest_Generation = YES;
				INFOPLIST_KEY_UIApplicationSupportsIndirectInputEvents = YES;
				INFOPLIST_KEY_UILaunchScreen_Generation = YES;
				INFOPLIST_KEY_UISupportedInterfaceOrientations_iPad = "UIInterfaceOrientationPortrait UIInterfaceOrientationPortraitUpsideDown UIInterfaceOrientationLandscapeLeft UIInterfaceOrientationLandscapeRight";
				INFOPLIST_KEY_UISupportedInterfaceOrientations_iPhone = "UIInterfaceOrientationPortrait UIInterfaceOrientationLandscapeLeft UIInterfaceOrientationLandscapeRight";
				LD_RUNPATH_SEARCH_PATHS = (
					"$(inherited)",
					"@executable_path/Frameworks",
				);
				MARKETING_VERSION = 1.0;
				PRODUCT_BUNDLE_IDENTIFIER = santiagobalestero.swiftUIFirstSteps;
				PRODUCT_NAME = "$(TARGET_NAME)";
				SWIFT_EMIT_LOC_STRINGS = YES;
				SWIFT_VERSION = 5.0;
				TARGETED_DEVICE_FAMILY = "1,2";
			};
			name = Debug;
		};
		71A553AA2841521D00F1AD0E /* Release */ = {
			isa = XCBuildConfiguration;
			buildSettings = {
				ASSETCATALOG_COMPILER_APPICON_NAME = AppIcon;
				ASSETCATALOG_COMPILER_GLOBAL_ACCENT_COLOR_NAME = AccentColor;
				CODE_SIGN_STYLE = Automatic;
				CURRENT_PROJECT_VERSION = 1;
				DEVELOPMENT_ASSET_PATHS = "\"swiftUIFirstSteps/Preview Content\"";
				DEVELOPMENT_TEAM = Y9P3B55VG7;
				ENABLE_PREVIEWS = YES;
				GENERATE_INFOPLIST_FILE = YES;
				INFOPLIST_KEY_UIApplicationSceneManifest_Generation = YES;
				INFOPLIST_KEY_UIApplicationSupportsIndirectInputEvents = YES;
				INFOPLIST_KEY_UILaunchScreen_Generation = YES;
				INFOPLIST_KEY_UISupportedInterfaceOrientations_iPad = "UIInterfaceOrientationPortrait UIInterfaceOrientationPortraitUpsideDown UIInterfaceOrientationLandscapeLeft UIInterfaceOrientationLandscapeRight";
				INFOPLIST_KEY_UISupportedInterfaceOrientations_iPhone = "UIInterfaceOrientationPortrait UIInterfaceOrientationLandscapeLeft UIInterfaceOrientationLandscapeRight";
				LD_RUNPATH_SEARCH_PATHS = (
					"$(inherited)",
					"@executable_path/Frameworks",
				);
				MARKETING_VERSION = 1.0;
				PRODUCT_BUNDLE_IDENTIFIER = santiagobalestero.swiftUIFirstSteps;
				PRODUCT_NAME = "$(TARGET_NAME)";
				SWIFT_EMIT_LOC_STRINGS = YES;
				SWIFT_VERSION = 5.0;
				TARGETED_DEVICE_FAMILY = "1,2";
			};
			name = Release;
		};
		71A553AC2841521D00F1AD0E /* Debug */ = {
			isa = XCBuildConfiguration;
			buildSettings = {
				ALWAYS_EMBED_SWIFT_STANDARD_LIBRARIES = YES;
				BUNDLE_LOADER = "$(TEST_HOST)";
				CODE_SIGN_STYLE = Automatic;
				CURRENT_PROJECT_VERSION = 1;
				DEVELOPMENT_TEAM = Y9P3B55VG7;
				GENERATE_INFOPLIST_FILE = YES;
				IPHONEOS_DEPLOYMENT_TARGET = 15.2;
				MARKETING_VERSION = 1.0;
				PRODUCT_BUNDLE_IDENTIFIER = santiagobalestero.swiftUIFirstStepsTests;
				PRODUCT_NAME = "$(TARGET_NAME)";
				SWIFT_EMIT_LOC_STRINGS = NO;
				SWIFT_VERSION = 5.0;
				TARGETED_DEVICE_FAMILY = "1,2";
				TEST_HOST = "$(BUILT_PRODUCTS_DIR)/swiftUIFirstSteps.app/swiftUIFirstSteps";
			};
			name = Debug;
		};
		71A553AD2841521D00F1AD0E /* Release */ = {
			isa = XCBuildConfiguration;
			buildSettings = {
				ALWAYS_EMBED_SWIFT_STANDARD_LIBRARIES = YES;
				BUNDLE_LOADER = "$(TEST_HOST)";
				CODE_SIGN_STYLE = Automatic;
				CURRENT_PROJECT_VERSION = 1;
				DEVELOPMENT_TEAM = Y9P3B55VG7;
				GENERATE_INFOPLIST_FILE = YES;
				IPHONEOS_DEPLOYMENT_TARGET = 15.2;
				MARKETING_VERSION = 1.0;
				PRODUCT_BUNDLE_IDENTIFIER = santiagobalestero.swiftUIFirstStepsTests;
				PRODUCT_NAME = "$(TARGET_NAME)";
				SWIFT_EMIT_LOC_STRINGS = NO;
				SWIFT_VERSION = 5.0;
				TARGETED_DEVICE_FAMILY = "1,2";
				TEST_HOST = "$(BUILT_PRODUCTS_DIR)/swiftUIFirstSteps.app/swiftUIFirstSteps";
			};
			name = Release;
		};
		71A553AF2841521D00F1AD0E /* Debug */ = {
			isa = XCBuildConfiguration;
			buildSettings = {
				ALWAYS_EMBED_SWIFT_STANDARD_LIBRARIES = YES;
				CODE_SIGN_STYLE = Automatic;
				CURRENT_PROJECT_VERSION = 1;
				DEVELOPMENT_TEAM = Y9P3B55VG7;
				GENERATE_INFOPLIST_FILE = YES;
				MARKETING_VERSION = 1.0;
				PRODUCT_BUNDLE_IDENTIFIER = santiagobalestero.swiftUIFirstStepsUITests;
				PRODUCT_NAME = "$(TARGET_NAME)";
				SWIFT_EMIT_LOC_STRINGS = NO;
				SWIFT_VERSION = 5.0;
				TARGETED_DEVICE_FAMILY = "1,2";
				TEST_TARGET_NAME = swiftUIFirstSteps;
			};
			name = Debug;
		};
		71A553B02841521D00F1AD0E /* Release */ = {
			isa = XCBuildConfiguration;
			buildSettings = {
				ALWAYS_EMBED_SWIFT_STANDARD_LIBRARIES = YES;
				CODE_SIGN_STYLE = Automatic;
				CURRENT_PROJECT_VERSION = 1;
				DEVELOPMENT_TEAM = Y9P3B55VG7;
				GENERATE_INFOPLIST_FILE = YES;
				MARKETING_VERSION = 1.0;
				PRODUCT_BUNDLE_IDENTIFIER = santiagobalestero.swiftUIFirstStepsUITests;
				PRODUCT_NAME = "$(TARGET_NAME)";
				SWIFT_EMIT_LOC_STRINGS = NO;
				SWIFT_VERSION = 5.0;
				TARGETED_DEVICE_FAMILY = "1,2";
				TEST_TARGET_NAME = swiftUIFirstSteps;
			};
			name = Release;
		};
/* End XCBuildConfiguration section */

/* Begin XCConfigurationList section */
		71A5537F2841521B00F1AD0E /* Build configuration list for PBXProject "swiftUIFirstSteps" */ = {
			isa = XCConfigurationList;
			buildConfigurations = (
				71A553A62841521D00F1AD0E /* Debug */,
				71A553A72841521D00F1AD0E /* Release */,
			);
			defaultConfigurationIsVisible = 0;
			defaultConfigurationName = Release;
		};
		71A553A82841521D00F1AD0E /* Build configuration list for PBXNativeTarget "swiftUIFirstSteps" */ = {
			isa = XCConfigurationList;
			buildConfigurations = (
				71A553A92841521D00F1AD0E /* Debug */,
				71A553AA2841521D00F1AD0E /* Release */,
			);
			defaultConfigurationIsVisible = 0;
			defaultConfigurationName = Release;
		};
		71A553AB2841521D00F1AD0E /* Build configuration list for PBXNativeTarget "swiftUIFirstStepsTests" */ = {
			isa = XCConfigurationList;
			buildConfigurations = (
				71A553AC2841521D00F1AD0E /* Debug */,
				71A553AD2841521D00F1AD0E /* Release */,
			);
			defaultConfigurationIsVisible = 0;
			defaultConfigurationName = Release;
		};
		71A553AE2841521D00F1AD0E /* Build configuration list for PBXNativeTarget "swiftUIFirstStepsUITests" */ = {
			isa = XCConfigurationList;
			buildConfigurations = (
				71A553AF2841521D00F1AD0E /* Debug */,
				71A553B02841521D00F1AD0E /* Release */,
			);
			defaultConfigurationIsVisible = 0;
			defaultConfigurationName = Release;
		};
/* End XCConfigurationList section */
	};
	rootObject = 71A5537C2841521B00F1AD0E /* Project object */;
}
